
Microsoft Visual Studio Solution File, Format Version 12.00
# Visual Studio Version 17
VisualStudioVersion = 17.3.32901.215
MinimumVisualStudioVersion = 10.0.40219.1
Project("{FAE04EC0-301F-11D3-BF4B-00C04F79EFBC}") = "SuperChat", "SuperChat\SuperChat.csproj", "{6507D97D-E8E0-469F-84F8-98D9A95639EE}"
EndProject
Global
	GlobalSection(SolutionConfigurationPlatforms) = preSolution
		Debug|Any CPU = Debug|Any CPU
		Release|Any CPU = Release|Any CPU
	EndGlobalSection
	GlobalSection(ProjectConfigurationPlatforms) = postSolution
		{6507D97D-E8E0-469F-84F8-98D9A95639EE}.Debug|Any CPU.ActiveCfg = Debug|Any CPU
		{6507D97D-E8E0-469F-84F8-98D9A95639EE}.Debug|Any CPU.Build.0 = Debug|Any CPU
		{6507D97D-E8E0-469F-84F8-98D9A95639EE}.Release|Any CPU.ActiveCfg = Release|Any CPU
		{6507D97D-E8E0-469F-84F8-98D9A95639EE}.Release|Any CPU.Build.0 = Release|Any CPU
	EndGlobalSection
	GlobalSection(SolutionProperties) = preSolution
		HideSolutionNode = FALSE
	EndGlobalSection
	GlobalSection(ExtensibilityGlobals) = postSolution
		SolutionGuid = {BE5C73C2-A848-4315-B675-D38D6B8A9DD3}
	EndGlobalSection
EndGlobal
